
Microsoft Visual Studio Solution File, Format Version 12.00
# Visual Studio Version 17
VisualStudioVersion = 17.0.31903.59
MinimumVisualStudioVersion = 10.0.40219.1
Project("{9A19103F-16F7-4668-BE54-9A1E7A4F7556}") = "AWS.S3.Wrapper", "AWS.S3.Wrapper\AWS.S3.Wrapper.csproj", "{13EB540E-0633-4E46-B5BD-7DF7B2BC2BA9}"
EndProject
Project("{FAE04EC0-301F-11D3-BF4B-00C04F79EFBC}") = "AWS.S3.Wrapper.Tests", "AWS.S3.Wrapper.Tests\AWS.S3.Wrapper.Tests.csproj", "{38B7628F-0D15-42AC-87A7-5B0ECD808626}"
EndProject
Global
	GlobalSection(SolutionConfigurationPlatforms) = preSolution
		Debug|Any CPU = Debug|Any CPU
		Release|Any CPU = Release|Any CPU
	EndGlobalSection
	GlobalSection(ProjectConfigurationPlatforms) = postSolution
		{13EB540E-0633-4E46-B5BD-7DF7B2BC2BA9}.Debug|Any CPU.ActiveCfg = Debug|Any CPU
		{13EB540E-0633-4E46-B5BD-7DF7B2BC2BA9}.Debug|Any CPU.Build.0 = Debug|Any CPU
		{13EB540E-0633-4E46-B5BD-7DF7B2BC2BA9}.Release|Any CPU.ActiveCfg = Release|Any CPU
		{13EB540E-0633-4E46-B5BD-7DF7B2BC2BA9}.Release|Any CPU.Build.0 = Release|Any CPU
		{38B7628F-0D15-42AC-87A7-5B0ECD808626}.Debug|Any CPU.ActiveCfg = Debug|Any CPU
		{38B7628F-0D15-42AC-87A7-5B0ECD808626}.Debug|Any CPU.Build.0 = Debug|Any CPU
		{38B7628F-0D15-42AC-87A7-5B0ECD808626}.Release|Any CPU.ActiveCfg = Release|Any CPU
		{38B7628F-0D15-42AC-87A7-5B0ECD808626}.Release|Any CPU.Build.0 = Release|Any CPU
	EndGlobalSection
	GlobalSection(SolutionProperties) = preSolution
		HideSolutionNode = FALSE
	EndGlobalSection
	GlobalSection(ExtensibilityGlobals) = postSolution
		SolutionGuid = {1648905D-1822-4CB1-9F5E-156131DEC98B}
	EndGlobalSection
EndGlobal
